{
  "requires": true,
  "lockfileVersion": 1,
  "dependencies": {
    "gitinspector": {
      "version": "0.5.0-dev-2",
      "resolved": "https://registry.npmjs.org/gitinspector/-/gitinspector-0.5.0-dev-2.tgz",
      "integrity": "sha512-FqEKpFTOuK3eiB49QdT25QHbs+o4emnZEKFFXqS4PTOR8InyBuinopR0XUUK5QkpL1zqhTVqsVxdra2dBNAbyw==",
      "requires": {
        "python-shell": "^0.4.0"
      }
    },
    "python-shell": {
      "version": "0.4.0",
      "resolved": "http://registry.npmjs.org/python-shell/-/python-shell-0.4.0.tgz",
      "integrity": "sha1-JZxUcNiFKSsi6QalewhfZRdS+VY="
    }
  }
}
